// !$*UTF8*$!
{
	archiveVersion = 1;
	classes = {
	};
	objectVersion = 50;
	objects = {

/* Begin PBXBuildFile section */
		2E107A12AB92D57C540BA1AC /* Pods_LoveLive.framework in Frameworks */ = {isa = PBXBuildFile; fileRef = AFF4B6989CAD623B6939DFDE /* Pods_LoveLive.framework */; };
		D20B23D920E27BA10002C042 /* MainMenuScene.sks in Resources */ = {isa = PBXBuildFile; fileRef = D20B23D820E27BA10002C042 /* MainMenuScene.sks */; };
		D20B23DB20E27C680002C042 /* MainMenuScene.swift in Sources */ = {isa = PBXBuildFile; fileRef = D20B23DA20E27C680002C042 /* MainMenuScene.swift */; };
		D2308F4920CF8C69003305ED /* TheTruthUntold.mp3 in Resources */ = {isa = PBXBuildFile; fileRef = D24F3E8520CEC532005C5590 /* TheTruthUntold.mp3 */; };
		D23DB59520CC1CF6008C7927 /* Conducter.swift in Sources */ = {isa = PBXBuildFile; fileRef = D23DB59420CC1CF6008C7927 /* Conducter.swift */; };
		D24F3E8820CEC597005C5590 /* AVFoundation.framework in Frameworks */ = {isa = PBXBuildFile; fileRef = D24F3E8720CEC597005C5590 /* AVFoundation.framework */; };
		D273359420EB80F1005832B9 /* Pixel Digivolve.otf in Resources */ = {isa = PBXBuildFile; fileRef = D273359320EB7E17005832B9 /* Pixel Digivolve.otf */; };
		D2D5C24320C795A100566E32 /* QDSpriteNodeButton.swift in Sources */ = {isa = PBXBuildFile; fileRef = D2D5C24220C795A100566E32 /* QDSpriteNodeButton.swift */; };
		D2F6F6C220C5666B004144FB /* AppDelegate.swift in Sources */ = {isa = PBXBuildFile; fileRef = D2F6F6C120C5666B004144FB /* AppDelegate.swift */; };
		D2F6F6C420C5666B004144FB /* GameScene.sks in Resources */ = {isa = PBXBuildFile; fileRef = D2F6F6C320C5666B004144FB /* GameScene.sks */; };
		D2F6F6C820C5666B004144FB /* GameScene.swift in Sources */ = {isa = PBXBuildFile; fileRef = D2F6F6C720C5666B004144FB /* GameScene.swift */; };
		D2F6F6CA20C5666B004144FB /* GameViewController.swift in Sources */ = {isa = PBXBuildFile; fileRef = D2F6F6C920C5666B004144FB /* GameViewController.swift */; };
		D2F6F6CD20C5666B004144FB /* Main.storyboard in Resources */ = {isa = PBXBuildFile; fileRef = D2F6F6CB20C5666B004144FB /* Main.storyboard */; };
		D2F6F6CF20C5666D004144FB /* Assets.xcassets in Resources */ = {isa = PBXBuildFile; fileRef = D2F6F6CE20C5666D004144FB /* Assets.xcassets */; };
		D2F6F6D220C5666D004144FB /* LaunchScreen.storyboard in Resources */ = {isa = PBXBuildFile; fileRef = D2F6F6D020C5666D004144FB /* LaunchScreen.storyboard */; };
/* End PBXBuildFile section */

/* Begin PBXFileReference section */
		AFF4B6989CAD623B6939DFDE /* Pods_LoveLive.framework */ = {isa = PBXFileReference; explicitFileType = wrapper.framework; includeInIndex = 0; path = Pods_LoveLive.framework; sourceTree = BUILT_PRODUCTS_DIR; };
		B60CF371E71313508011EE04 /* Pods-LoveLive.release.xcconfig */ = {isa = PBXFileReference; includeInIndex = 1; lastKnownFileType = text.xcconfig; name = "Pods-LoveLive.release.xcconfig"; path = "Pods/Target Support Files/Pods-LoveLive/Pods-LoveLive.release.xcconfig"; sourceTree = "<group>"; };
		D20B23D820E27BA10002C042 /* MainMenuScene.sks */ = {isa = PBXFileReference; lastKnownFileType = file.sks; path = MainMenuScene.sks; sourceTree = "<group>"; };
		D20B23DA20E27C680002C042 /* MainMenuScene.swift */ = {isa = PBXFileReference; lastKnownFileType = sourcecode.swift; path = MainMenuScene.swift; sourceTree = "<group>"; };
		D23DB59420CC1CF6008C7927 /* Conducter.swift */ = {isa = PBXFileReference; lastKnownFileType = sourcecode.swift; path = Conducter.swift; sourceTree = "<group>"; };
		D24F3E8520CEC532005C5590 /* TheTruthUntold.mp3 */ = {isa = PBXFileReference; lastKnownFileType = audio.mp3; path = TheTruthUntold.mp3; sourceTree = "<group>"; };
		D24F3E8720CEC597005C5590 /* AVFoundation.framework */ = {isa = PBXFileReference; lastKnownFileType = wrapper.framework; name = AVFoundation.framework; path = System/Library/Frameworks/AVFoundation.framework; sourceTree = SDKROOT; };
		D273359120EB2624005832B9 /* LoveLive.entitlements */ = {isa = PBXFileReference; lastKnownFileType = text.plist.entitlements; path = LoveLive.entitlements; sourceTree = "<group>"; };
		D273359320EB7E17005832B9 /* Pixel Digivolve.otf */ = {isa = PBXFileReference; lastKnownFileType = file; path = "Pixel Digivolve.otf"; sourceTree = "<group>"; };
		D2D5C24220C795A100566E32 /* QDSpriteNodeButton.swift */ = {isa = PBXFileReference; lastKnownFileType = sourcecode.swift; path = QDSpriteNodeButton.swift; sourceTree = "<group>"; };
		D2F6F6BE20C5666B004144FB /* LoveLive.app */ = {isa = PBXFileReference; explicitFileType = wrapper.application; includeInIndex = 0; path = LoveLive.app; sourceTree = BUILT_PRODUCTS_DIR; };
		D2F6F6C120C5666B004144FB /* AppDelegate.swift */ = {isa = PBXFileReference; lastKnownFileType = sourcecode.swift; path = AppDelegate.swift; sourceTree = "<group>"; };
		D2F6F6C320C5666B004144FB /* GameScene.sks */ = {isa = PBXFileReference; lastKnownFileType = file.sks; path = GameScene.sks; sourceTree = "<group>"; };
		D2F6F6C720C5666B004144FB /* GameScene.swift */ = {isa = PBXFileReference; lastKnownFileType = sourcecode.swift; path = GameScene.swift; sourceTree = "<group>"; };
		D2F6F6C920C5666B004144FB /* GameViewController.swift */ = {isa = PBXFileReference; lastKnownFileType = sourcecode.swift; path = GameViewController.swift; sourceTree = "<group>"; };
		D2F6F6CC20C5666B004144FB /* Base */ = {isa = PBXFileReference; lastKnownFileType = file.storyboard; name = Base; path = Base.lproj/Main.storyboard; sourceTree = "<group>"; };
		D2F6F6CE20C5666D004144FB /* Assets.xcassets */ = {isa = PBXFileReference; lastKnownFileType = folder.assetcatalog; path = Assets.xcassets; sourceTree = "<group>"; };
		D2F6F6D120C5666D004144FB /* Base */ = {isa = PBXFileReference; lastKnownFileType = file.storyboard; name = Base; path = Base.lproj/LaunchScreen.storyboard; sourceTree = "<group>"; };
		D2F6F6D320C5666D004144FB /* Info.plist */ = {isa = PBXFileReference; lastKnownFileType = text.plist.xml; path = Info.plist; sourceTree = "<group>"; };
		FF6E6A5EED7C0D2FEA71D544 /* Pods-LoveLive.debug.xcconfig */ = {isa = PBXFileReference; includeInIndex = 1; lastKnownFileType = text.xcconfig; name = "Pods-LoveLive.debug.xcconfig"; path = "Pods/Target Support Files/Pods-LoveLive/Pods-LoveLive.debug.xcconfig"; sourceTree = "<group>"; };
/* End PBXFileReference section */

/* Begin PBXFrameworksBuildPhase section */
		D2F6F6BB20C5666B004144FB /* Frameworks */ = {
			isa = PBXFrameworksBuildPhase;
			buildActionMask = 2147483647;
			files = (
				D24F3E8820CEC597005C5590 /* AVFoundation.framework in Frameworks */,
				2E107A12AB92D57C540BA1AC /* Pods_LoveLive.framework in Frameworks */,
			);
			runOnlyForDeploymentPostprocessing = 0;
		};
/* End PBXFrameworksBuildPhase section */

/* Begin PBXGroup section */
		6721E2066A3A028C84C191E0 /* Pods */ = {
			isa = PBXGroup;
			children = (
				FF6E6A5EED7C0D2FEA71D544 /* Pods-LoveLive.debug.xcconfig */,
				B60CF371E71313508011EE04 /* Pods-LoveLive.release.xcconfig */,
			);
			name = Pods;
			sourceTree = "<group>";
		};
		D24F3E8420CEC52C005C5590 /* Music */ = {
			isa = PBXGroup;
			children = (
				D24F3E8520CEC532005C5590 /* TheTruthUntold.mp3 */,
			);
			path = Music;
			sourceTree = "<group>";
		};
		D24F3E8620CEC597005C5590 /* Frameworks */ = {
			isa = PBXGroup;
			children = (
				D24F3E8720CEC597005C5590 /* AVFoundation.framework */,
				AFF4B6989CAD623B6939DFDE /* Pods_LoveLive.framework */,
			);
			name = Frameworks;
			sourceTree = "<group>";
		};
		D273359220EB7DEA005832B9 /* Fonts */ = {
			isa = PBXGroup;
			children = (
				D273359320EB7E17005832B9 /* Pixel Digivolve.otf */,
			);
			path = Fonts;
			sourceTree = "<group>";
		};
		D2D5C24120C7942D00566E32 /* Supporting files */ = {
			isa = PBXGroup;
			children = (
				D24F3E8420CEC52C005C5590 /* Music */,
				D2F6F6C120C5666B004144FB /* AppDelegate.swift */,
				D2F6F6C920C5666B004144FB /* GameViewController.swift */,
				D2F6F6CB20C5666B004144FB /* Main.storyboard */,
			);
			path = "Supporting files";
			sourceTree = "<group>";
		};
		D2F6F6B520C5666A004144FB = {
			isa = PBXGroup;
			children = (
				D2F6F6C020C5666B004144FB /* LoveLive */,
				D2F6F6BF20C5666B004144FB /* Products */,
				D24F3E8620CEC597005C5590 /* Frameworks */,
				6721E2066A3A028C84C191E0 /* Pods */,
			);
			sourceTree = "<group>";
		};
		D2F6F6BF20C5666B004144FB /* Products */ = {
			isa = PBXGroup;
			children = (
				D2F6F6BE20C5666B004144FB /* LoveLive.app */,
			);
			name = Products;
			sourceTree = "<group>";
		};
		D2F6F6C020C5666B004144FB /* LoveLive */ = {
			isa = PBXGroup;
			children = (
				D273359220EB7DEA005832B9 /* Fonts */,
				D273359120EB2624005832B9 /* LoveLive.entitlements */,
				D2D5C24120C7942D00566E32 /* Supporting files */,
				D2F6F6C320C5666B004144FB /* GameScene.sks */,
				D20B23D820E27BA10002C042 /* MainMenuScene.sks */,
				D20B23DA20E27C680002C042 /* MainMenuScene.swift */,
				D2F6F6C720C5666B004144FB /* GameScene.swift */,
				D2F6F6CE20C5666D004144FB /* Assets.xcassets */,
				D2F6F6D020C5666D004144FB /* LaunchScreen.storyboard */,
				D2F6F6D320C5666D004144FB /* Info.plist */,
				D2D5C24220C795A100566E32 /* QDSpriteNodeButton.swift */,
				D23DB59420CC1CF6008C7927 /* Conducter.swift */,
			);
			path = LoveLive;
			sourceTree = "<group>";
		};
/* End PBXGroup section */

/* Begin PBXNativeTarget section */
		D2F6F6BD20C5666B004144FB /* LoveLive */ = {
			isa = PBXNativeTarget;
			buildConfigurationList = D2F6F6D620C5666D004144FB /* Build configuration list for PBXNativeTarget "LoveLive" */;
			buildPhases = (
				9E5A1504855405767F44A3A0 /* [CP] Check Pods Manifest.lock */,
				D2F6F6BA20C5666B004144FB /* Sources */,
				D2F6F6BB20C5666B004144FB /* Frameworks */,
				D2F6F6BC20C5666B004144FB /* Resources */,
				F2148A17A17F0B5C6554BCB7 /* [CP] Embed Pods Frameworks */,
			);
			buildRules = (
			);
			dependencies = (
			);
			name = LoveLive;
			productName = LoveLive;
			productReference = D2F6F6BE20C5666B004144FB /* LoveLive.app */;
			productType = "com.apple.product-type.application";
		};
/* End PBXNativeTarget section */

/* Begin PBXProject section */
		D2F6F6B620C5666A004144FB /* Project object */ = {
			isa = PBXProject;
			attributes = {
				LastSwiftUpdateCheck = 0930;
				LastUpgradeCheck = 0930;
				ORGANIZATIONNAME = "Đỗ Quỳnh";
				TargetAttributes = {
					D2F6F6BD20C5666B004144FB = {
						CreatedOnToolsVersion = 9.3.1;
						SystemCapabilities = {
							com.apple.Keychain = {
								enabled = 1;
							};
						};
					};
				};
			};
			buildConfigurationList = D2F6F6B920C5666A004144FB /* Build configuration list for PBXProject "LoveLive" */;
			compatibilityVersion = "Xcode 9.3";
			developmentRegion = en;
			hasScannedForEncodings = 0;
			knownRegions = (
				en,
				Base,
			);
			mainGroup = D2F6F6B520C5666A004144FB;
			productRefGroup = D2F6F6BF20C5666B004144FB /* Products */;
			projectDirPath = "";
			projectRoot = "";
			targets = (
				D2F6F6BD20C5666B004144FB /* LoveLive */,
			);
		};
/* End PBXProject section */

/* Begin PBXResourcesBuildPhase section */
		D2F6F6BC20C5666B004144FB /* Resources */ = {
			isa = PBXResourcesBuildPhase;
			buildActionMask = 2147483647;
			files = (
				D273359420EB80F1005832B9 /* Pixel Digivolve.otf in Resources */,
				D2F6F6CD20C5666B004144FB /* Main.storyboard in Resources */,
				D20B23D920E27BA10002C042 /* MainMenuScene.sks in Resources */,
				D2F6F6C420C5666B004144FB /* GameScene.sks in Resources */,
				D2F6F6CF20C5666D004144FB /* Assets.xcassets in Resources */,
				D2F6F6D220C5666D004144FB /* LaunchScreen.storyboard in Resources */,
				D2308F4920CF8C69003305ED /* TheTruthUntold.mp3 in Resources */,
			);
			runOnlyForDeploymentPostprocessing = 0;
		};
/* End PBXResourcesBuildPhase section */

/* Begin PBXShellScriptBuildPhase section */
		9E5A1504855405767F44A3A0 /* [CP] Check Pods Manifest.lock */ = {
			isa = PBXShellScriptBuildPhase;
			buildActionMask = 2147483647;
			files = (
			);
			inputPaths = (
				"${PODS_PODFILE_DIR_PATH}/Podfile.lock",
				"${PODS_ROOT}/Manifest.lock",
			);
			name = "[CP] Check Pods Manifest.lock";
			outputPaths = (
				"$(DERIVED_FILE_DIR)/Pods-LoveLive-checkManifestLockResult.txt",
			);
			runOnlyForDeploymentPostprocessing = 0;
			shellPath = /bin/sh;
			shellScript = "diff \"${PODS_PODFILE_DIR_PATH}/Podfile.lock\" \"${PODS_ROOT}/Manifest.lock\" > /dev/null\nif [ $? != 0 ] ; then\n    # print error to STDERR\n    echo \"error: The sandbox is not in sync with the Podfile.lock. Run 'pod install' or update your CocoaPods installation.\" >&2\n    exit 1\nfi\n# This output is used by Xcode 'outputs' to avoid re-running this script phase.\necho \"SUCCESS\" > \"${SCRIPT_OUTPUT_FILE_0}\"\n";
			showEnvVarsInLog = 0;
		};
		F2148A17A17F0B5C6554BCB7 /* [CP] Embed Pods Frameworks */ = {
			isa = PBXShellScriptBuildPhase;
			buildActionMask = 2147483647;
			files = (
			);
			inputPaths = (
				"${SRCROOT}/Pods/Target Support Files/Pods-LoveLive/Pods-LoveLive-frameworks.sh",
				"${BUILT_PRODUCTS_DIR}/Bolts/Bolts.framework",
				"${BUILT_PRODUCTS_DIR}/FBSDKCoreKit/FBSDKCoreKit.framework",
				"${BUILT_PRODUCTS_DIR}/FBSDKLoginKit/FBSDKLoginKit.framework",
				"${BUILT_PRODUCTS_DIR}/FBSDKShareKit/FBSDKShareKit.framework",
				"${BUILT_PRODUCTS_DIR}/FacebookCore/FacebookCore.framework",
				"${BUILT_PRODUCTS_DIR}/FacebookLogin/FacebookLogin.framework",
				"${BUILT_PRODUCTS_DIR}/FacebookShare/FacebookShare.framework",
			);
			name = "[CP] Embed Pods Frameworks";
			outputPaths = (
				"${TARGET_BUILD_DIR}/${FRAMEWORKS_FOLDER_PATH}/Bolts.framework",
				"${TARGET_BUILD_DIR}/${FRAMEWORKS_FOLDER_PATH}/FBSDKCoreKit.framework",
				"${TARGET_BUILD_DIR}/${FRAMEWORKS_FOLDER_PATH}/FBSDKLoginKit.framework",
				"${TARGET_BUILD_DIR}/${FRAMEWORKS_FOLDER_PATH}/FBSDKShareKit.framework",
				"${TARGET_BUILD_DIR}/${FRAMEWORKS_FOLDER_PATH}/FacebookCore.framework",
				"${TARGET_BUILD_DIR}/${FRAMEWORKS_FOLDER_PATH}/FacebookLogin.framework",
				"${TARGET_BUILD_DIR}/${FRAMEWORKS_FOLDER_PATH}/FacebookShare.framework",
			);
			runOnlyForDeploymentPostprocessing = 0;
			shellPath = /bin/sh;
			shellScript = "\"${SRCROOT}/Pods/Target Support Files/Pods-LoveLive/Pods-LoveLive-frameworks.sh\"\n";
			showEnvVarsInLog = 0;
		};
/* End PBXShellScriptBuildPhase section */

/* Begin PBXSourcesBuildPhase section */
		D2F6F6BA20C5666B004144FB /* Sources */ = {
			isa = PBXSourcesBuildPhase;
			buildActionMask = 2147483647;
			files = (
				D20B23DB20E27C680002C042 /* MainMenuScene.swift in Sources */,
				D2F6F6C820C5666B004144FB /* GameScene.swift in Sources */,
				D2D5C24320C795A100566E32 /* QDSpriteNodeButton.swift in Sources */,
				D2F6F6CA20C5666B004144FB /* GameViewController.swift in Sources */,
				D23DB59520CC1CF6008C7927 /* Conducter.swift in Sources */,
				D2F6F6C220C5666B004144FB /* AppDelegate.swift in Sources */,
			);
			runOnlyForDeploymentPostprocessing = 0;
		};
/* End PBXSourcesBuildPhase section */

/* Begin PBXVariantGroup section */
		D2F6F6CB20C5666B004144FB /* Main.storyboard */ = {
			isa = PBXVariantGroup;
			children = (
				D2F6F6CC20C5666B004144FB /* Base */,
			);
			name = Main.storyboard;
			sourceTree = "<group>";
		};
		D2F6F6D020C5666D004144FB /* LaunchScreen.storyboard */ = {
			isa = PBXVariantGroup;
			children = (
				D2F6F6D120C5666D004144FB /* Base */,
			);
			name = LaunchScreen.storyboard;
			sourceTree = "<group>";
		};
/* End PBXVariantGroup section */

/* Begin XCBuildConfiguration section */
		D2F6F6D420C5666D004144FB /* Debug */ = {
			isa = XCBuildConfiguration;
			buildSettings = {
				ALWAYS_SEARCH_USER_PATHS = NO;
				CLANG_ANALYZER_NONNULL = YES;
				CLANG_ANALYZER_NUMBER_OBJECT_CONVERSION = YES_AGGRESSIVE;
				CLANG_CXX_LANGUAGE_STANDARD = "gnu++14";
				CLANG_CXX_LIBRARY = "libc++";
				CLANG_ENABLE_MODULES = YES;
				CLANG_ENABLE_OBJC_ARC = YES;
				CLANG_ENABLE_OBJC_WEAK = YES;
				CLANG_WARN_BLOCK_CAPTURE_AUTORELEASING = YES;
				CLANG_WARN_BOOL_CONVERSION = YES;
				CLANG_WARN_COMMA = YES;
				CLANG_WARN_CONSTANT_CONVERSION = YES;
				CLANG_WARN_DEPRECATED_OBJC_IMPLEMENTATIONS = YES;
				CLANG_WARN_DIRECT_OBJC_ISA_USAGE = YES_ERROR;
				CLANG_WARN_DOCUMENTATION_COMMENTS = YES;
				CLANG_WARN_EMPTY_BODY = YES;
				CLANG_WARN_ENUM_CONVERSION = YES;
				CLANG_WARN_INFINITE_RECURSION = YES;
				CLANG_WARN_INT_CONVERSION = YES;
				CLANG_WARN_NON_LITERAL_NULL_CONVERSION = YES;
				CLANG_WARN_OBJC_IMPLICIT_RETAIN_SELF = YES;
				CLANG_WARN_OBJC_LITERAL_CONVERSION = YES;
				CLANG_WARN_OBJC_ROOT_CLASS = YES_ERROR;
				CLANG_WARN_RANGE_LOOP_ANALYSIS = YES;
				CLANG_WARN_STRICT_PROTOTYPES = YES;
				CLANG_WARN_SUSPICIOUS_MOVE = YES;
				CLANG_WARN_UNGUARDED_AVAILABILITY = YES_AGGRESSIVE;
				CLANG_WARN_UNREACHABLE_CODE = YES;
				CLANG_WARN__DUPLICATE_METHOD_MATCH = YES;
				CODE_SIGN_IDENTITY = "iPhone Developer";
				COPY_PHASE_STRIP = NO;
				DEBUG_INFORMATION_FORMAT = dwarf;
				ENABLE_STRICT_OBJC_MSGSEND = YES;
				ENABLE_TESTABILITY = YES;
				GCC_C_LANGUAGE_STANDARD = gnu11;
				GCC_DYNAMIC_NO_PIC = NO;
				GCC_NO_COMMON_BLOCKS = YES;
				GCC_OPTIMIZATION_LEVEL = 0;
				GCC_PREPROCESSOR_DEFINITIONS = (
					"DEBUG=1",
					"$(inherited)",
				);
				GCC_WARN_64_TO_32_BIT_CONVERSION = YES;
				GCC_WARN_ABOUT_RETURN_TYPE = YES_ERROR;
				GCC_WARN_UNDECLARED_SELECTOR = YES;
				GCC_WARN_UNINITIALIZED_AUTOS = YES_AGGRESSIVE;
				GCC_WARN_UNUSED_FUNCTION = YES;
				GCC_WARN_UNUSED_VARIABLE = YES;
				IPHONEOS_DEPLOYMENT_TARGET = 11.3;
				MTL_ENABLE_DEBUG_INFO = YES;
				ONLY_ACTIVE_ARCH = YES;
				SDKROOT = iphoneos;
				SWIFT_ACTIVE_COMPILATION_CONDITIONS = DEBUG;
				SWIFT_OPTIMIZATION_LEVEL = "-Onone";
			};
			name = Debug;
		};
		D2F6F6D520C5666D004144FB /* Release */ = {
			isa = XCBuildConfiguration;
			buildSettings = {
				ALWAYS_SEARCH_USER_PATHS = NO;
				CLANG_ANALYZER_NONNULL = YES;
				CLANG_ANALYZER_NUMBER_OBJECT_CONVERSION = YES_AGGRESSIVE;
				CLANG_CXX_LANGUAGE_STANDARD = "gnu++14";
				CLANG_CXX_LIBRARY = "libc++";
				CLANG_ENABLE_MODULES = YES;
				CLANG_ENABLE_OBJC_ARC = YES;
				CLANG_ENABLE_OBJC_WEAK = YES;
				CLANG_WARN_BLOCK_CAPTURE_AUTORELEASING = YES;
				CLANG_WARN_BOOL_CONVERSION = YES;
				CLANG_WARN_COMMA = YES;
				CLANG_WARN_CONSTANT_CONVERSION = YES;
				CLANG_WARN_DEPRECATED_OBJC_IMPLEMENTATIONS = YES;
				CLANG_WARN_DIRECT_OBJC_ISA_USAGE = YES_ERROR;
				CLANG_WARN_DOCUMENTATION_COMMENTS = YES;
				CLANG_WARN_EMPTY_BODY = YES;
				CLANG_WARN_ENUM_CONVERSION = YES;
				CLANG_WARN_INFINITE_RECURSION = YES;
				CLANG_WARN_INT_CONVERSION = YES;
				CLANG_WARN_NON_LITERAL_NULL_CONVERSION = YES;
				CLANG_WARN_OBJC_IMPLICIT_RETAIN_SELF = YES;
				CLANG_WARN_OBJC_LITERAL_CONVERSION = YES;
				CLANG_WARN_OBJC_ROOT_CLASS = YES_ERROR;
				CLANG_WARN_RANGE_LOOP_ANALYSIS = YES;
				CLANG_WARN_STRICT_PROTOTYPES = YES;
				CLANG_WARN_SUSPICIOUS_MOVE = YES;
				CLANG_WARN_UNGUARDED_AVAILABILITY = YES_AGGRESSIVE;
				CLANG_WARN_UNREACHABLE_CODE = YES;
				CLANG_WARN__DUPLICATE_METHOD_MATCH = YES;
				CODE_SIGN_IDENTITY = "iPhone Developer";
				COPY_PHASE_STRIP = NO;
				DEBUG_INFORMATION_FORMAT = "dwarf-with-dsym";
				ENABLE_NS_ASSERTIONS = NO;
				ENABLE_STRICT_OBJC_MSGSEND = YES;
				GCC_C_LANGUAGE_STANDARD = gnu11;
				GCC_NO_COMMON_BLOCKS = YES;
				GCC_WARN_64_TO_32_BIT_CONVERSION = YES;
				GCC_WARN_ABOUT_RETURN_TYPE = YES_ERROR;
				GCC_WARN_UNDECLARED_SELECTOR = YES;
				GCC_WARN_UNINITIALIZED_AUTOS = YES_AGGRESSIVE;
				GCC_WARN_UNUSED_FUNCTION = YES;
				GCC_WARN_UNUSED_VARIABLE = YES;
				IPHONEOS_DEPLOYMENT_TARGET = 11.3;
				MTL_ENABLE_DEBUG_INFO = NO;
				SDKROOT = iphoneos;
				SWIFT_COMPILATION_MODE = wholemodule;
				SWIFT_OPTIMIZATION_LEVEL = "-O";
				VALIDATE_PRODUCT = YES;
			};
			name = Release;
		};
		D2F6F6D720C5666D004144FB /* Debug */ = {
			isa = XCBuildConfiguration;
			baseConfigurationReference = FF6E6A5EED7C0D2FEA71D544 /* Pods-LoveLive.debug.xcconfig */;
			buildSettings = {
				ASSETCATALOG_COMPILER_APPICON_NAME = AppIcon;
				CLANG_ALLOW_NON_MODULAR_INCLUDES_IN_FRAMEWORK_MODULES = YES;
				CODE_SIGN_ENTITLEMENTS = LoveLive/LoveLive.entitlements;
				CODE_SIGN_IDENTITY = "iPhone Developer";
				CODE_SIGN_STYLE = Automatic;
				DEVELOPMENT_TEAM = 982PM7RNPS;
				FRAMEWORK_SEARCH_PATHS = (
					"$(inherited)",
					"$(PROJECT_DIR)",
				);
				INFOPLIST_FILE = LoveLive/Info.plist;
				LD_RUNPATH_SEARCH_PATHS = (
					"$(inherited)",
					"@executable_path/Frameworks",
				);
				PRODUCT_BUNDLE_IDENTIFIER = com.quynhdo.LoveLive;
				PRODUCT_NAME = "$(TARGET_NAME)";
				PROVISIONING_PROFILE_SPECIFIER = "";
				SWIFT_VERSION = 4.0;
				TARGETED_DEVICE_FAMILY = "1,2";
			};
			name = Debug;
		};
		D2F6F6D820C5666D004144FB /* Release */ = {
			isa = XCBuildConfiguration;
			baseConfigurationReference = B60CF371E71313508011EE04 /* Pods-LoveLive.release.xcconfig */;
			buildSettings = {
				ASSETCATALOG_COMPILER_APPICON_NAME = AppIcon;
				CLANG_ALLOW_NON_MODULAR_INCLUDES_IN_FRAMEWORK_MODULES = YES;
				CODE_SIGN_ENTITLEMENTS = LoveLive/LoveLive.entitlements;
				CODE_SIGN_IDENTITY = "iPhone Developer";
				CODE_SIGN_STYLE = Automatic;
				DEVELOPMENT_TEAM = 982PM7RNPS;
				FRAMEWORK_SEARCH_PATHS = (
					"$(inherited)",
					"$(PROJECT_DIR)",
				);
				INFOPLIST_FILE = LoveLive/Info.plist;
				LD_RUNPATH_SEARCH_PATHS = (
					"$(inherited)",
					"@executable_path/Frameworks",
				);
				PRODUCT_BUNDLE_IDENTIFIER = com.quynhdo.LoveLive;
				PRODUCT_NAME = "$(TARGET_NAME)";
				PROVISIONING_PROFILE_SPECIFIER = "";
				SWIFT_VERSION = 4.0;
				TARGETED_DEVICE_FAMILY = "1,2";
			};
			name = Release;
		};
/* End XCBuildConfiguration section */

/* Begin XCConfigurationList section */
		D2F6F6B920C5666A004144FB /* Build configuration list for PBXProject "LoveLive" */ = {
			isa = XCConfigurationList;
			buildConfigurations = (
				D2F6F6D420C5666D004144FB /* Debug */,
				D2F6F6D520C5666D004144FB /* Release */,
			);
			defaultConfigurationIsVisible = 0;
			defaultConfigurationName = Release;
		};
		D2F6F6D620C5666D004144FB /* Build configuration list for PBXNativeTarget "LoveLive" */ = {
			isa = XCConfigurationList;
			buildConfigurations = (
				D2F6F6D720C5666D004144FB /* Debug */,
				D2F6F6D820C5666D004144FB /* Release */,
			);
			defaultConfigurationIsVisible = 0;
			defaultConfigurationName = Release;
		};
/* End XCConfigurationList section */
	};
	rootObject = D2F6F6B620C5666A004144FB /* Project object */;
}
